{
  "name": "proceds-blockly",
  "version": "0.2.1",
  "lockfileVersion": 1,
  "requires": true,
  "dependencies": {
    "blockly-package": {
      "version": "github:Program-AR/blockly-package#bc034c4eb7a05179ea04a0096302529abe2587c3",
      "from": "github:Program-AR/blockly-package#v0-15"
    }
  }
}
